
Microsoft Visual Studio Solution File, Format Version 11.00
# Visual Studio 2010
Project("{F184B08F-C81C-45F6-A57F-5ABD9991F28F}") = "GINNTAS", "GINNTAS\GINNTAS.vbproj", "{E8E4F1D2-58F4-4516-822C-EFB7E51396FC}"
EndProject
Global
	GlobalSection(SolutionConfigurationPlatforms) = preSolution
		Debug|Any CPU = Debug|Any CPU
		Debug|x64 = Debug|x64
		Debug|x86 = Debug|x86
		Release|Any CPU = Release|Any CPU
		Release|x64 = Release|x64
		Release|x86 = Release|x86
	EndGlobalSection
	GlobalSection(ProjectConfigurationPlatforms) = postSolution
		{E8E4F1D2-58F4-4516-822C-EFB7E51396FC}.Debug|Any CPU.ActiveCfg = Debug|x86
		{E8E4F1D2-58F4-4516-822C-EFB7E51396FC}.Debug|Any CPU.Build.0 = Debug|x86
		{E8E4F1D2-58F4-4516-822C-EFB7E51396FC}.Debug|x64.ActiveCfg = Debug|x64
		{E8E4F1D2-58F4-4516-822C-EFB7E51396FC}.Debug|x64.Build.0 = Debug|x64
		{E8E4F1D2-58F4-4516-822C-EFB7E51396FC}.Debug|x86.ActiveCfg = Debug|x86
		{E8E4F1D2-58F4-4516-822C-EFB7E51396FC}.Debug|x86.Build.0 = Debug|x86
		{E8E4F1D2-58F4-4516-822C-EFB7E51396FC}.Release|Any CPU.ActiveCfg = Release|Any CPU
		{E8E4F1D2-58F4-4516-822C-EFB7E51396FC}.Release|Any CPU.Build.0 = Release|Any CPU
		{E8E4F1D2-58F4-4516-822C-EFB7E51396FC}.Release|x64.ActiveCfg = Release|x64
		{E8E4F1D2-58F4-4516-822C-EFB7E51396FC}.Release|x64.Build.0 = Release|x64
		{E8E4F1D2-58F4-4516-822C-EFB7E51396FC}.Release|x86.ActiveCfg = Release|x86
		{E8E4F1D2-58F4-4516-822C-EFB7E51396FC}.Release|x86.Build.0 = Release|x86
	EndGlobalSection
	GlobalSection(SolutionProperties) = preSolution
		HideSolutionNode = FALSE
	EndGlobalSection
EndGlobal
